// !$*UTF8*$!
{
	archiveVersion = 1;
	classes = {
	};
	objectVersion = 50;
	objects = {

/* Begin PBXBuildFile section */
		6DACAF8320FE965100E6B89B /* ToDoItems.swift in Sources */ = {isa = PBXBuildFile; fileRef = 6DACAF8220FE965100E6B89B /* ToDoItems.swift */; };
		6DFEF18120FE294E00DB7AB5 /* AppDelegate.swift in Sources */ = {isa = PBXBuildFile; fileRef = 6DFEF18020FE294E00DB7AB5 /* AppDelegate.swift */; };
		6DFEF18320FE294E00DB7AB5 /* TodoViewController.swift in Sources */ = {isa = PBXBuildFile; fileRef = 6DFEF18220FE294E00DB7AB5 /* TodoViewController.swift */; };
		6DFEF18620FE294E00DB7AB5 /* Main.storyboard in Resources */ = {isa = PBXBuildFile; fileRef = 6DFEF18420FE294E00DB7AB5 /* Main.storyboard */; };
		6DFEF18820FE295200DB7AB5 /* Assets.xcassets in Resources */ = {isa = PBXBuildFile; fileRef = 6DFEF18720FE295200DB7AB5 /* Assets.xcassets */; };
		6DFEF18B20FE295200DB7AB5 /* LaunchScreen.storyboard in Resources */ = {isa = PBXBuildFile; fileRef = 6DFEF18920FE295200DB7AB5 /* LaunchScreen.storyboard */; };
/* End PBXBuildFile section */

/* Begin PBXFileReference section */
		6DACAF8220FE965100E6B89B /* ToDoItems.swift */ = {isa = PBXFileReference; lastKnownFileType = sourcecode.swift; path = ToDoItems.swift; sourceTree = "<group>"; };
		6DFEF17D20FE294E00DB7AB5 /* todoApp.app */ = {isa = PBXFileReference; explicitFileType = wrapper.application; includeInIndex = 0; path = todoApp.app; sourceTree = BUILT_PRODUCTS_DIR; };
		6DFEF18020FE294E00DB7AB5 /* AppDelegate.swift */ = {isa = PBXFileReference; lastKnownFileType = sourcecode.swift; path = AppDelegate.swift; sourceTree = "<group>"; };
		6DFEF18220FE294E00DB7AB5 /* TodoViewController.swift */ = {isa = PBXFileReference; lastKnownFileType = sourcecode.swift; path = TodoViewController.swift; sourceTree = "<group>"; };
		6DFEF18520FE294E00DB7AB5 /* Base */ = {isa = PBXFileReference; lastKnownFileType = file.storyboard; name = Base; path = Base.lproj/Main.storyboard; sourceTree = "<group>"; };
		6DFEF18720FE295200DB7AB5 /* Assets.xcassets */ = {isa = PBXFileReference; lastKnownFileType = folder.assetcatalog; path = Assets.xcassets; sourceTree = "<group>"; };
		6DFEF18A20FE295200DB7AB5 /* Base */ = {isa = PBXFileReference; lastKnownFileType = file.storyboard; name = Base; path = Base.lproj/LaunchScreen.storyboard; sourceTree = "<group>"; };
		6DFEF18C20FE295200DB7AB5 /* Info.plist */ = {isa = PBXFileReference; lastKnownFileType = text.plist.xml; path = Info.plist; sourceTree = "<group>"; };
/* End PBXFileReference section */

/* Begin PBXFrameworksBuildPhase section */
		6DFEF17A20FE294E00DB7AB5 /* Frameworks */ = {
			isa = PBXFrameworksBuildPhase;
			buildActionMask = 2147483647;
			files = (
			);
			runOnlyForDeploymentPostprocessing = 0;
		};
/* End PBXFrameworksBuildPhase section */

/* Begin PBXGroup section */
		6DACAF8420FE96DB00E6B89B /* ViewControllers */ = {
			isa = PBXGroup;
			children = (
				6DFEF18220FE294E00DB7AB5 /* TodoViewController.swift */,
			);
			path = ViewControllers;
			sourceTree = "<group>";
		};
		6DACAF8520FE96E400E6B89B /* DataModel */ = {
			isa = PBXGroup;
			children = (
				6DACAF8220FE965100E6B89B /* ToDoItems.swift */,
			);
			path = DataModel;
			sourceTree = "<group>";
		};
		6DACAF8620FE96F300E6B89B /* Views */ = {
			isa = PBXGroup;
			children = (
				6DFEF18420FE294E00DB7AB5 /* Main.storyboard */,
			);
			path = Views;
			sourceTree = "<group>";
		};
		6DACAF8720FE970000E6B89B /* SupportFiles */ = {
			isa = PBXGroup;
			children = (
				6DFEF18720FE295200DB7AB5 /* Assets.xcassets */,
				6DFEF18920FE295200DB7AB5 /* LaunchScreen.storyboard */,
			);
			path = SupportFiles;
			sourceTree = "<group>";
		};
		6DFEF17420FE294E00DB7AB5 = {
			isa = PBXGroup;
			children = (
				6DFEF17F20FE294E00DB7AB5 /* todoApp */,
				6DFEF17E20FE294E00DB7AB5 /* Products */,
			);
			sourceTree = "<group>";
		};
		6DFEF17E20FE294E00DB7AB5 /* Products */ = {
			isa = PBXGroup;
			children = (
				6DFEF17D20FE294E00DB7AB5 /* todoApp.app */,
			);
			name = Products;
			sourceTree = "<group>";
		};
		6DFEF17F20FE294E00DB7AB5 /* todoApp */ = {
			isa = PBXGroup;
			children = (
				6DFEF18020FE294E00DB7AB5 /* AppDelegate.swift */,
				6DACAF8420FE96DB00E6B89B /* ViewControllers */,
				6DACAF8620FE96F300E6B89B /* Views */,
				6DACAF8720FE970000E6B89B /* SupportFiles */,
				6DFEF18C20FE295200DB7AB5 /* Info.plist */,
				6DACAF8520FE96E400E6B89B /* DataModel */,
			);
			path = todoApp;
			sourceTree = "<group>";
		};
/* End PBXGroup section */

/* Begin PBXNativeTarget section */
		6DFEF17C20FE294E00DB7AB5 /* todoApp */ = {
			isa = PBXNativeTarget;
			buildConfigurationList = 6DFEF18F20FE295200DB7AB5 /* Build configuration list for PBXNativeTarget "todoApp" */;
			buildPhases = (
				6DFEF17920FE294E00DB7AB5 /* Sources */,
				6DFEF17A20FE294E00DB7AB5 /* Frameworks */,
				6DFEF17B20FE294E00DB7AB5 /* Resources */,
			);
			buildRules = (
			);
			dependencies = (
			);
			name = todoApp;
			productName = todoApp;
			productReference = 6DFEF17D20FE294E00DB7AB5 /* todoApp.app */;
			productType = "com.apple.product-type.application";
		};
/* End PBXNativeTarget section */

/* Begin PBXProject section */
		6DFEF17520FE294E00DB7AB5 /* Project object */ = {
			isa = PBXProject;
			attributes = {
				LastSwiftUpdateCheck = 0940;
				LastUpgradeCheck = 0940;
				ORGANIZATIONNAME = Citrix;
				TargetAttributes = {
					6DFEF17C20FE294E00DB7AB5 = {
						CreatedOnToolsVersion = 9.4.1;
					};
				};
			};
			buildConfigurationList = 6DFEF17820FE294E00DB7AB5 /* Build configuration list for PBXProject "todoApp" */;
			compatibilityVersion = "Xcode 9.3";
			developmentRegion = en;
			hasScannedForEncodings = 0;
			knownRegions = (
				en,
				Base,
			);
			mainGroup = 6DFEF17420FE294E00DB7AB5;
			productRefGroup = 6DFEF17E20FE294E00DB7AB5 /* Products */;
			projectDirPath = "";
			projectRoot = "";
			targets = (
				6DFEF17C20FE294E00DB7AB5 /* todoApp */,
			);
		};
/* End PBXProject section */

/* Begin PBXResourcesBuildPhase section */
		6DFEF17B20FE294E00DB7AB5 /* Resources */ = {
			isa = PBXResourcesBuildPhase;
			buildActionMask = 2147483647;
			files = (
				6DFEF18B20FE295200DB7AB5 /* LaunchScreen.storyboard in Resources */,
				6DFEF18820FE295200DB7AB5 /* Assets.xcassets in Resources */,
				6DFEF18620FE294E00DB7AB5 /* Main.storyboard in Resources */,
			);
			runOnlyForDeploymentPostprocessing = 0;
		};
/* End PBXResourcesBuildPhase section */

/* Begin PBXSourcesBuildPhase section */
		6DFEF17920FE294E00DB7AB5 /* Sources */ = {
			isa = PBXSourcesBuildPhase;
			buildActionMask = 2147483647;
			files = (
				6DFEF18320FE294E00DB7AB5 /* TodoViewController.swift in Sources */,
				6DFEF18120FE294E00DB7AB5 /* AppDelegate.swift in Sources */,
				6DACAF8320FE965100E6B89B /* ToDoItems.swift in Sources */,
			);
			runOnlyForDeploymentPostprocessing = 0;
		};
/* End PBXSourcesBuildPhase section */

/* Begin PBXVariantGroup section */
		6DFEF18420FE294E00DB7AB5 /* Main.storyboard */ = {
			isa = PBXVariantGroup;
			children = (
				6DFEF18520FE294E00DB7AB5 /* Base */,
			);
			name = Main.storyboard;
			sourceTree = "<group>";
		};
		6DFEF18920FE295200DB7AB5 /* LaunchScreen.storyboard */ = {
			isa = PBXVariantGroup;
			children = (
				6DFEF18A20FE295200DB7AB5 /* Base */,
			);
			name = LaunchScreen.storyboard;
			sourceTree = "<group>";
		};
/* End PBXVariantGroup section */

/* Begin XCBuildConfiguration section */
		6DFEF18D20FE295200DB7AB5 /* Debug */ = {
			isa = XCBuildConfiguration;
			buildSettings = {
				ALWAYS_SEARCH_USER_PATHS = NO;
				CLANG_ANALYZER_NONNULL = YES;
				CLANG_ANALYZER_NUMBER_OBJECT_CONVERSION = YES_AGGRESSIVE;
				CLANG_CXX_LANGUAGE_STANDARD = "gnu++14";
				CLANG_CXX_LIBRARY = "libc++";
				CLANG_ENABLE_MODULES = YES;
				CLANG_ENABLE_OBJC_ARC = YES;
				CLANG_ENABLE_OBJC_WEAK = YES;
				CLANG_WARN_BLOCK_CAPTURE_AUTORELEASING = YES;
				CLANG_WARN_BOOL_CONVERSION = YES;
				CLANG_WARN_COMMA = YES;
				CLANG_WARN_CONSTANT_CONVERSION = YES;
				CLANG_WARN_DEPRECATED_OBJC_IMPLEMENTATIONS = YES;
				CLANG_WARN_DIRECT_OBJC_ISA_USAGE = YES_ERROR;
				CLANG_WARN_DOCUMENTATION_COMMENTS = YES;
				CLANG_WARN_EMPTY_BODY = YES;
				CLANG_WARN_ENUM_CONVERSION = YES;
				CLANG_WARN_INFINITE_RECURSION = YES;
				CLANG_WARN_INT_CONVERSION = YES;
				CLANG_WARN_NON_LITERAL_NULL_CONVERSION = YES;
				CLANG_WARN_OBJC_IMPLICIT_RETAIN_SELF = YES;
				CLANG_WARN_OBJC_LITERAL_CONVERSION = YES;
				CLANG_WARN_OBJC_ROOT_CLASS = YES_ERROR;
				CLANG_WARN_RANGE_LOOP_ANALYSIS = YES;
				CLANG_WARN_STRICT_PROTOTYPES = YES;
				CLANG_WARN_SUSPICIOUS_MOVE = YES;
				CLANG_WARN_UNGUARDED_AVAILABILITY = YES_AGGRESSIVE;
				CLANG_WARN_UNREACHABLE_CODE = YES;
				CLANG_WARN__DUPLICATE_METHOD_MATCH = YES;
				CODE_SIGN_IDENTITY = "iPhone Developer";
				COPY_PHASE_STRIP = NO;
				DEBUG_INFORMATION_FORMAT = dwarf;
				ENABLE_STRICT_OBJC_MSGSEND = YES;
				ENABLE_TESTABILITY = YES;
				GCC_C_LANGUAGE_STANDARD = gnu11;
				GCC_DYNAMIC_NO_PIC = NO;
				GCC_NO_COMMON_BLOCKS = YES;
				GCC_OPTIMIZATION_LEVEL = 0;
				GCC_PREPROCESSOR_DEFINITIONS = (
					"DEBUG=1",
					"$(inherited)",
				);
				GCC_WARN_64_TO_32_BIT_CONVERSION = YES;
				GCC_WARN_ABOUT_RETURN_TYPE = YES_ERROR;
				GCC_WARN_UNDECLARED_SELECTOR = YES;
				GCC_WARN_UNINITIALIZED_AUTOS = YES_AGGRESSIVE;
				GCC_WARN_UNUSED_FUNCTION = YES;
				GCC_WARN_UNUSED_VARIABLE = YES;
				IPHONEOS_DEPLOYMENT_TARGET = 11.4;
				MTL_ENABLE_DEBUG_INFO = YES;
				ONLY_ACTIVE_ARCH = YES;
				SDKROOT = iphoneos;
				SWIFT_ACTIVE_COMPILATION_CONDITIONS = DEBUG;
				SWIFT_OPTIMIZATION_LEVEL = "-Onone";
			};
			name = Debug;
		};
		6DFEF18E20FE295200DB7AB5 /* Release */ = {
			isa = XCBuildConfiguration;
			buildSettings = {
				ALWAYS_SEARCH_USER_PATHS = NO;
				CLANG_ANALYZER_NONNULL = YES;
				CLANG_ANALYZER_NUMBER_OBJECT_CONVERSION = YES_AGGRESSIVE;
				CLANG_CXX_LANGUAGE_STANDARD = "gnu++14";
				CLANG_CXX_LIBRARY = "libc++";
				CLANG_ENABLE_MODULES = YES;
				CLANG_ENABLE_OBJC_ARC = YES;
				CLANG_ENABLE_OBJC_WEAK = YES;
				CLANG_WARN_BLOCK_CAPTURE_AUTORELEASING = YES;
				CLANG_WARN_BOOL_CONVERSION = YES;
				CLANG_WARN_COMMA = YES;
				CLANG_WARN_CONSTANT_CONVERSION = YES;
				CLANG_WARN_DEPRECATED_OBJC_IMPLEMENTATIONS = YES;
				CLANG_WARN_DIRECT_OBJC_ISA_USAGE = YES_ERROR;
				CLANG_WARN_DOCUMENTATION_COMMENTS = YES;
				CLANG_WARN_EMPTY_BODY = YES;
				CLANG_WARN_ENUM_CONVERSION = YES;
				CLANG_WARN_INFINITE_RECURSION = YES;
				CLANG_WARN_INT_CONVERSION = YES;
				CLANG_WARN_NON_LITERAL_NULL_CONVERSION = YES;
				CLANG_WARN_OBJC_IMPLICIT_RETAIN_SELF = YES;
				CLANG_WARN_OBJC_LITERAL_CONVERSION = YES;
				CLANG_WARN_OBJC_ROOT_CLASS = YES_ERROR;
				CLANG_WARN_RANGE_LOOP_ANALYSIS = YES;
				CLANG_WARN_STRICT_PROTOTYPES = YES;
				CLANG_WARN_SUSPICIOUS_MOVE = YES;
				CLANG_WARN_UNGUARDED_AVAILABILITY = YES_AGGRESSIVE;
				CLANG_WARN_UNREACHABLE_CODE = YES;
				CLANG_WARN__DUPLICATE_METHOD_MATCH = YES;
				CODE_SIGN_IDENTITY = "iPhone Developer";
				COPY_PHASE_STRIP = NO;
				DEBUG_INFORMATION_FORMAT = "dwarf-with-dsym";
				ENABLE_NS_ASSERTIONS = NO;
				ENABLE_STRICT_OBJC_MSGSEND = YES;
				GCC_C_LANGUAGE_STANDARD = gnu11;
				GCC_NO_COMMON_BLOCKS = YES;
				GCC_WARN_64_TO_32_BIT_CONVERSION = YES;
				GCC_WARN_ABOUT_RETURN_TYPE = YES_ERROR;
				GCC_WARN_UNDECLARED_SELECTOR = YES;
				GCC_WARN_UNINITIALIZED_AUTOS = YES_AGGRESSIVE;
				GCC_WARN_UNUSED_FUNCTION = YES;
				GCC_WARN_UNUSED_VARIABLE = YES;
				IPHONEOS_DEPLOYMENT_TARGET = 11.4;
				MTL_ENABLE_DEBUG_INFO = NO;
				SDKROOT = iphoneos;
				SWIFT_COMPILATION_MODE = wholemodule;
				SWIFT_OPTIMIZATION_LEVEL = "-O";
				VALIDATE_PRODUCT = YES;
			};
			name = Release;
		};
		6DFEF19020FE295200DB7AB5 /* Debug */ = {
			isa = XCBuildConfiguration;
			buildSettings = {
				ASSETCATALOG_COMPILER_APPICON_NAME = AppIcon;
				CODE_SIGN_STYLE = Automatic;
				DEVELOPMENT_TEAM = 4XGN67BQAE;
				INFOPLIST_FILE = todoApp/Info.plist;
				LD_RUNPATH_SEARCH_PATHS = (
					"$(inherited)",
					"@executable_path/Frameworks",
				);
				PRODUCT_BUNDLE_IDENTIFIER = com.citrixiosblr.todoApp;
				PRODUCT_NAME = "$(TARGET_NAME)";
				SWIFT_VERSION = 4.0;
				TARGETED_DEVICE_FAMILY = "1,2";
			};
			name = Debug;
		};
		6DFEF19120FE295200DB7AB5 /* Release */ = {
			isa = XCBuildConfiguration;
			buildSettings = {
				ASSETCATALOG_COMPILER_APPICON_NAME = AppIcon;
				CODE_SIGN_STYLE = Automatic;
				DEVELOPMENT_TEAM = 4XGN67BQAE;
				INFOPLIST_FILE = todoApp/Info.plist;
				LD_RUNPATH_SEARCH_PATHS = (
					"$(inherited)",
					"@executable_path/Frameworks",
				);
				PRODUCT_BUNDLE_IDENTIFIER = com.citrixiosblr.todoApp;
				PRODUCT_NAME = "$(TARGET_NAME)";
				SWIFT_VERSION = 4.0;
				TARGETED_DEVICE_FAMILY = "1,2";
			};
			name = Release;
		};
/* End XCBuildConfiguration section */

/* Begin XCConfigurationList section */
		6DFEF17820FE294E00DB7AB5 /* Build configuration list for PBXProject "todoApp" */ = {
			isa = XCConfigurationList;
			buildConfigurations = (
				6DFEF18D20FE295200DB7AB5 /* Debug */,
				6DFEF18E20FE295200DB7AB5 /* Release */,
			);
			defaultConfigurationIsVisible = 0;
			defaultConfigurationName = Release;
		};
		6DFEF18F20FE295200DB7AB5 /* Build configuration list for PBXNativeTarget "todoApp" */ = {
			isa = XCConfigurationList;
			buildConfigurations = (
				6DFEF19020FE295200DB7AB5 /* Debug */,
				6DFEF19120FE295200DB7AB5 /* Release */,
			);
			defaultConfigurationIsVisible = 0;
			defaultConfigurationName = Release;
		};
/* End XCConfigurationList section */
	};
	rootObject = 6DFEF17520FE294E00DB7AB5 /* Project object */;
}
